{
  "version": 4,
  "terraform_version": "1.6.0",
  "serial": 3,
  "lineage": "f1e2d3c4-b5a6-7980-1234-567890abcdef",
  "outputs": {
    "eks_cluster_endpoint": {
      "value": "https://ABC123DEF456.gr7.us-east-1.eks.amazonaws.com",
      "type": "string"
    },
    "rds_cluster_endpoint": {
      "value": "fullstack-cluster.cluster-abc123.us-east-1.rds.amazonaws.com",
      "type": "string"
    },
    "elasticache_endpoint": {
      "value": "fullstack-redis.abc123.0001.use1.cache.amazonaws.com:6379",
      "type": "string"
    }
  },
  "resources": [
    {
      "mode": "managed",
      "type": "aws_eks_cluster",
      "name": "main",
      "provider": "provider[\"registry.terraform.io/hashicorp/aws\"]",
      "instances": [
        {
          "schema_version": 0,
          "attributes": {
            "id": "fullstack-cluster",
            "arn": "arn:aws:eks:us-east-1:123456789012:cluster/fullstack-cluster",
            "name": "fullstack-cluster",
            "version": "1.28",
            "role_arn": "arn:aws:iam::123456789012:role/eks-cluster-role",
            "vpc_config": [
              {
                "cluster_security_group_id": "sg-eks123456",
                "endpoint_private_access": true,
                "endpoint_public_access": true,
                "public_access_cidrs": ["0.0.0.0/0"],
                "security_group_ids": ["sg-eks123456"],
                "subnet_ids": ["subnet-a1b2c3d4", "subnet-e5f6g7h8"]
              }
            ],
            "kubernetes_network_config": [
              {
                "ip_family": "ipv4",
                "service_ipv4_cidr": "172.20.0.0/16"
              }
            ],
            "endpoint": "https://ABC123DEF456.gr7.us-east-1.eks.amazonaws.com",
            "certificate_authority": [
              {
                "data": "LS0tLS1CRUdJTi..."
              }
            ],
            "enabled_cluster_log_types": ["api", "audit", "authenticator"],
            "tags": {
              "Name": "fullstack-cluster",
              "Environment": "production",
              "ManagedBy": "terraform"
            }
          },
          "dependencies": [
            "aws_iam_role.eks_cluster",
            "aws_subnet.private"
          ]
        }
      ]
    },
    {
      "mode": "managed",
      "type": "aws_rds_cluster",
      "name": "main",
      "provider": "provider[\"registry.terraform.io/hashicorp/aws\"]",
      "instances": [
        {
          "schema_version": 0,
          "attributes": {
            "id": "fullstack-cluster",
            "arn": "arn:aws:rds:us-east-1:123456789012:cluster:fullstack-cluster",
            "cluster_identifier": "fullstack-cluster",
            "engine": "aurora-postgresql",
            "engine_version": "15.4",
            "engine_mode": "provisioned",
            "database_name": "fullstack",
            "master_username": "admin",
            "port": 5432,
            "availability_zones": ["us-east-1a", "us-east-1b", "us-east-1c"],
            "db_subnet_group_name": "fullstack-db-subnet-group",
            "vpc_security_group_ids": ["sg-rds123456"],
            "storage_encrypted": true,
            "kms_key_id": "arn:aws:kms:us-east-1:123456789012:key/12345678-1234-1234-1234-123456789012",
            "backup_retention_period": 7,
            "preferred_backup_window": "03:00-04:00",
            "preferred_maintenance_window": "sun:04:00-sun:05:00",
            "deletion_protection": true,
            "skip_final_snapshot": false,
            "final_snapshot_identifier": "fullstack-cluster-final",
            "endpoint": "fullstack-cluster.cluster-abc123.us-east-1.rds.amazonaws.com",
            "reader_endpoint": "fullstack-cluster.cluster-ro-abc123.us-east-1.rds.amazonaws.com",
            "serverlessv2_scaling_configuration": [],
            "tags": {
              "Name": "fullstack-database",
              "Environment": "production",
              "ManagedBy": "terraform"
            }
          },
          "dependencies": [
            "aws_db_subnet_group.main",
            "aws_security_group.rds"
          ]
        }
      ]
    },
    {
      "mode": "managed",
      "type": "aws_elasticache_cluster",
      "name": "redis",
      "provider": "provider[\"registry.terraform.io/hashicorp/aws\"]",
      "instances": [
        {
          "schema_version": 0,
          "attributes": {
            "id": "fullstack-redis",
            "arn": "arn:aws:elasticache:us-east-1:123456789012:cluster:fullstack-redis",
            "cluster_id": "fullstack-redis",
            "engine": "redis",
            "engine_version": "7.0",
            "node_type": "cache.t3.medium",
            "num_cache_nodes": 1,
            "port": 6379,
            "az_mode": "single-az",
            "availability_zone": "us-east-1a",
            "subnet_group_name": "fullstack-cache-subnet-group",
            "security_group_ids": ["sg-cache123456"],
            "parameter_group_name": "default.redis7",
            "snapshot_retention_limit": 5,
            "snapshot_window": "05:00-06:00",
            "maintenance_window": "sun:06:00-sun:07:00",
            "auto_minor_version_upgrade": true,
            "cache_nodes": [
              {
                "id": "0001",
                "address": "fullstack-redis.abc123.0001.use1.cache.amazonaws.com",
                "port": 6379,
                "availability_zone": "us-east-1a"
              }
            ],
            "configuration_endpoint": null,
            "tags": {
              "Name": "fullstack-redis",
              "Environment": "production",
              "ManagedBy": "terraform"
            }
          },
          "dependencies": [
            "aws_elasticache_subnet_group.main",
            "aws_security_group.cache"
          ]
        }
      ]
    },
    {
      "mode": "managed",
      "type": "aws_sqs_queue",
      "name": "main",
      "provider": "provider[\"registry.terraform.io/hashicorp/aws\"]",
      "instances": [
        {
          "schema_version": 0,
          "attributes": {
            "id": "https://sqs.us-east-1.amazonaws.com/123456789012/fullstack-queue",
            "arn": "arn:aws:sqs:us-east-1:123456789012:fullstack-queue",
            "name": "fullstack-queue",
            "url": "https://sqs.us-east-1.amazonaws.com/123456789012/fullstack-queue",
            "delay_seconds": 0,
            "max_message_size": 262144,
            "message_retention_seconds": 345600,
            "receive_wait_time_seconds": 10,
            "visibility_timeout_seconds": 30,
            "fifo_queue": false,
            "content_based_deduplication": false,
            "kms_master_key_id": null,
            "kms_data_key_reuse_period_seconds": 300,
            "redrive_policy": "{\"deadLetterTargetArn\":\"arn:aws:sqs:us-east-1:123456789012:fullstack-dlq\",\"maxReceiveCount\":3}",
            "tags": {
              "Name": "fullstack-queue",
              "Environment": "production",
              "ManagedBy": "terraform"
            }
          },
          "dependencies": [
            "aws_sqs_queue.dlq"
          ]
        }
      ]
    },
    {
      "mode": "managed",
      "type": "aws_sns_topic",
      "name": "notifications",
      "provider": "provider[\"registry.terraform.io/hashicorp/aws\"]",
      "instances": [
        {
          "schema_version": 0,
          "attributes": {
            "id": "arn:aws:sns:us-east-1:123456789012:fullstack-notifications",
            "arn": "arn:aws:sns:us-east-1:123456789012:fullstack-notifications",
            "name": "fullstack-notifications",
            "display_name": "Fullstack Notifications",
            "kms_master_key_id": null,
            "fifo_topic": false,
            "content_based_deduplication": false,
            "tags": {
              "Name": "fullstack-notifications",
              "Environment": "production",
              "ManagedBy": "terraform"
            }
          },
          "dependencies": []
        }
      ]
    },
    {
      "mode": "managed",
      "type": "aws_s3_bucket",
      "name": "data",
      "provider": "provider[\"registry.terraform.io/hashicorp/aws\"]",
      "instances": [
        {
          "schema_version": 0,
          "attributes": {
            "id": "fullstack-data-prod",
            "arn": "arn:aws:s3:::fullstack-data-prod",
            "bucket": "fullstack-data-prod",
            "region": "us-east-1",
            "versioning": [
              {
                "enabled": true,
                "mfa_delete": false
              }
            ],
            "server_side_encryption_configuration": [
              {
                "rule": {
                  "apply_server_side_encryption_by_default": {
                    "sse_algorithm": "aws:kms",
                    "kms_master_key_id": "arn:aws:kms:us-east-1:123456789012:key/12345678-1234-1234-1234-123456789012"
                  },
                  "bucket_key_enabled": true
                }
              }
            ],
            "tags": {
              "Name": "fullstack-data",
              "Environment": "production",
              "ManagedBy": "terraform"
            }
          },
          "dependencies": []
        }
      ]
    },
    {
      "mode": "managed",
      "type": "aws_cloudfront_distribution",
      "name": "cdn",
      "provider": "provider[\"registry.terraform.io/hashicorp/aws\"]",
      "instances": [
        {
          "schema_version": 1,
          "attributes": {
            "id": "E1234567890ABC",
            "arn": "arn:aws:cloudfront::123456789012:distribution/E1234567890ABC",
            "domain_name": "d1234567890.cloudfront.net",
            "enabled": true,
            "is_ipv6_enabled": true,
            "comment": "Fullstack CDN",
            "default_root_object": "index.html",
            "price_class": "PriceClass_100",
            "http_version": "http2and3",
            "aliases": ["cdn.fullstack.example.com"],
            "origin": [
              {
                "domain_name": "fullstack-data-prod.s3.us-east-1.amazonaws.com",
                "origin_id": "S3-fullstack-data",
                "origin_access_control_id": "E1ABC2DEF3GHIJ",
                "s3_origin_config": [
                  {
                    "origin_access_identity": ""
                  }
                ]
              }
            ],
            "default_cache_behavior": [
              {
                "allowed_methods": ["GET", "HEAD", "OPTIONS"],
                "cached_methods": ["GET", "HEAD"],
                "target_origin_id": "S3-fullstack-data",
                "viewer_protocol_policy": "redirect-to-https",
                "compress": true,
                "cache_policy_id": "658327ea-f89d-4fab-a63d-7e88639e58f6"
              }
            ],
            "viewer_certificate": [
              {
                "acm_certificate_arn": "arn:aws:acm:us-east-1:123456789012:certificate/12345678-1234-1234-1234-123456789012",
                "ssl_support_method": "sni-only",
                "minimum_protocol_version": "TLSv1.2_2021"
              }
            ],
            "tags": {
              "Name": "fullstack-cdn",
              "Environment": "production",
              "ManagedBy": "terraform"
            }
          },
          "dependencies": [
            "aws_s3_bucket.data",
            "aws_acm_certificate.cdn"
          ]
        }
      ]
    },
    {
      "mode": "managed",
      "type": "aws_lb",
      "name": "api",
      "provider": "provider[\"registry.terraform.io/hashicorp/aws\"]",
      "instances": [
        {
          "schema_version": 0,
          "attributes": {
            "id": "arn:aws:elasticloadbalancing:us-east-1:123456789012:loadbalancer/app/fullstack-api-alb/abcdef1234567890",
            "arn": "arn:aws:elasticloadbalancing:us-east-1:123456789012:loadbalancer/app/fullstack-api-alb/abcdef1234567890",
            "name": "fullstack-api-alb",
            "load_balancer_type": "application",
            "internal": false,
            "subnets": ["subnet-a1b2c3d4", "subnet-e5f6g7h8"],
            "security_groups": ["sg-alb123456"],
            "enable_deletion_protection": true,
            "enable_http2": true,
            "dns_name": "fullstack-api-alb-1234567890.us-east-1.elb.amazonaws.com",
            "tags": {
              "Name": "fullstack-api-alb",
              "Environment": "production",
              "ManagedBy": "terraform"
            }
          },
          "dependencies": [
            "aws_security_group.alb",
            "aws_subnet.public"
          ]
        }
      ]
    }
  ]
}
