{
  "version": 4,
  "terraform_version": "1.6.0",
  "serial": 2,
  "lineage": "a9b8c7d6-e5f4-3210-fedc-ba9876543210",
  "outputs": {
    "api_endpoint": {
      "value": "https://abc123def.execute-api.us-east-1.amazonaws.com/prod",
      "type": "string"
    },
    "lambda_function_arn": {
      "value": "arn:aws:lambda:us-east-1:123456789012:function:serverless-api-handler",
      "type": "string"
    },
    "dynamodb_table_name": {
      "value": "serverless-api-data",
      "type": "string"
    }
  },
  "resources": [
    {
      "mode": "managed",
      "type": "aws_lambda_function",
      "name": "api",
      "provider": "provider[\"registry.terraform.io/hashicorp/aws\"]",
      "instances": [
        {
          "schema_version": 0,
          "attributes": {
            "id": "serverless-api-handler",
            "arn": "arn:aws:lambda:us-east-1:123456789012:function:serverless-api-handler",
            "function_name": "serverless-api-handler",
            "role": "arn:aws:iam::123456789012:role/serverless-api-lambda-role",
            "handler": "index.handler",
            "runtime": "nodejs20.x",
            "memory_size": 256,
            "timeout": 30,
            "architectures": ["arm64"],
            "package_type": "Zip",
            "reserved_concurrent_executions": -1,
            "environment": [
              {
                "variables": {
                  "TABLE_NAME": "serverless-api-data",
                  "NODE_ENV": "production",
                  "LOG_LEVEL": "info"
                }
              }
            ],
            "vpc_config": [],
            "tracing_config": [
              {
                "mode": "Active"
              }
            ],
            "dead_letter_config": [
              {
                "target_arn": "arn:aws:sqs:us-east-1:123456789012:serverless-api-dlq"
              }
            ],
            "ephemeral_storage": [
              {
                "size": 512
              }
            ],
            "logging_config": [
              {
                "log_format": "JSON",
                "log_group": "/aws/lambda/serverless-api-handler",
                "application_log_level": "INFO",
                "system_log_level": "INFO"
              }
            ],
            "tags": {
              "Name": "serverless-api-handler",
              "Environment": "production",
              "ManagedBy": "terraform"
            }
          },
          "dependencies": [
            "aws_iam_role.lambda",
            "aws_sqs_queue.dlq"
          ]
        }
      ]
    },
    {
      "mode": "managed",
      "type": "aws_apigatewayv2_api",
      "name": "main",
      "provider": "provider[\"registry.terraform.io/hashicorp/aws\"]",
      "instances": [
        {
          "schema_version": 0,
          "attributes": {
            "id": "abc123def",
            "arn": "arn:aws:apigateway:us-east-1::/apis/abc123def",
            "name": "serverless-api",
            "protocol_type": "HTTP",
            "api_endpoint": "https://abc123def.execute-api.us-east-1.amazonaws.com",
            "description": "Serverless API Gateway",
            "route_selection_expression": "$request.method $request.path",
            "cors_configuration": [
              {
                "allow_credentials": false,
                "allow_headers": ["content-type", "authorization"],
                "allow_methods": ["GET", "POST", "PUT", "DELETE", "OPTIONS"],
                "allow_origins": ["https://app.example.com"],
                "expose_headers": [],
                "max_age": 3600
              }
            ],
            "disable_execute_api_endpoint": false,
            "tags": {
              "Name": "serverless-api",
              "Environment": "production",
              "ManagedBy": "terraform"
            }
          },
          "dependencies": []
        }
      ]
    },
    {
      "mode": "managed",
      "type": "aws_dynamodb_table",
      "name": "main",
      "provider": "provider[\"registry.terraform.io/hashicorp/aws\"]",
      "instances": [
        {
          "schema_version": 1,
          "attributes": {
            "id": "serverless-api-data",
            "arn": "arn:aws:dynamodb:us-east-1:123456789012:table/serverless-api-data",
            "name": "serverless-api-data",
            "billing_mode": "PAY_PER_REQUEST",
            "hash_key": "pk",
            "range_key": "sk",
            "attribute": [
              {
                "name": "pk",
                "type": "S"
              },
              {
                "name": "sk",
                "type": "S"
              },
              {
                "name": "gsi1pk",
                "type": "S"
              },
              {
                "name": "gsi1sk",
                "type": "S"
              }
            ],
            "global_secondary_index": [
              {
                "name": "gsi1",
                "hash_key": "gsi1pk",
                "range_key": "gsi1sk",
                "projection_type": "ALL",
                "non_key_attributes": null,
                "read_capacity": 0,
                "write_capacity": 0
              }
            ],
            "local_secondary_index": [],
            "point_in_time_recovery": [
              {
                "enabled": true
              }
            ],
            "ttl": [
              {
                "enabled": true,
                "attribute_name": "ttl"
              }
            ],
            "server_side_encryption": [
              {
                "enabled": true,
                "kms_key_arn": ""
              }
            ],
            "stream_enabled": true,
            "stream_view_type": "NEW_AND_OLD_IMAGES",
            "stream_arn": "arn:aws:dynamodb:us-east-1:123456789012:table/serverless-api-data/stream/2024-01-01T00:00:00.000",
            "table_class": "STANDARD",
            "deletion_protection_enabled": true,
            "tags": {
              "Name": "serverless-api-data",
              "Environment": "production",
              "ManagedBy": "terraform"
            }
          },
          "dependencies": []
        }
      ]
    },
    {
      "mode": "managed",
      "type": "aws_sqs_queue",
      "name": "events",
      "provider": "provider[\"registry.terraform.io/hashicorp/aws\"]",
      "instances": [
        {
          "schema_version": 0,
          "attributes": {
            "id": "https://sqs.us-east-1.amazonaws.com/123456789012/serverless-api-events",
            "arn": "arn:aws:sqs:us-east-1:123456789012:serverless-api-events",
            "name": "serverless-api-events",
            "url": "https://sqs.us-east-1.amazonaws.com/123456789012/serverless-api-events",
            "delay_seconds": 0,
            "max_message_size": 262144,
            "message_retention_seconds": 345600,
            "receive_wait_time_seconds": 20,
            "visibility_timeout_seconds": 60,
            "fifo_queue": false,
            "kms_master_key_id": null,
            "redrive_policy": "{\"deadLetterTargetArn\":\"arn:aws:sqs:us-east-1:123456789012:serverless-api-dlq\",\"maxReceiveCount\":3}",
            "tags": {
              "Name": "serverless-api-events",
              "Environment": "production",
              "ManagedBy": "terraform"
            }
          },
          "dependencies": [
            "aws_sqs_queue.dlq"
          ]
        }
      ]
    },
    {
      "mode": "managed",
      "type": "aws_s3_bucket",
      "name": "uploads",
      "provider": "provider[\"registry.terraform.io/hashicorp/aws\"]",
      "instances": [
        {
          "schema_version": 0,
          "attributes": {
            "id": "serverless-api-uploads",
            "arn": "arn:aws:s3:::serverless-api-uploads",
            "bucket": "serverless-api-uploads",
            "region": "us-east-1",
            "versioning": [
              {
                "enabled": true,
                "mfa_delete": false
              }
            ],
            "server_side_encryption_configuration": [
              {
                "rule": {
                  "apply_server_side_encryption_by_default": {
                    "sse_algorithm": "AES256"
                  },
                  "bucket_key_enabled": true
                }
              }
            ],
            "lifecycle_rule": [
              {
                "enabled": true,
                "id": "expire-temp-uploads",
                "prefix": "temp/",
                "expiration": {
                  "days": 1
                }
              }
            ],
            "cors_rule": [
              {
                "allowed_headers": ["*"],
                "allowed_methods": ["GET", "PUT", "POST"],
                "allowed_origins": ["https://app.example.com"],
                "expose_headers": ["ETag"],
                "max_age_seconds": 3600
              }
            ],
            "tags": {
              "Name": "serverless-api-uploads",
              "Environment": "production",
              "ManagedBy": "terraform"
            }
          },
          "dependencies": []
        }
      ]
    },
    {
      "mode": "managed",
      "type": "aws_cloudwatch_event_rule",
      "name": "scheduled",
      "provider": "provider[\"registry.terraform.io/hashicorp/aws\"]",
      "instances": [
        {
          "schema_version": 0,
          "attributes": {
            "id": "serverless-api-scheduled-task",
            "arn": "arn:aws:events:us-east-1:123456789012:rule/serverless-api-scheduled-task",
            "name": "serverless-api-scheduled-task",
            "description": "Scheduled task for serverless API",
            "schedule_expression": "rate(1 hour)",
            "event_pattern": null,
            "state": "ENABLED",
            "tags": {
              "Name": "serverless-api-scheduled",
              "Environment": "production",
              "ManagedBy": "terraform"
            }
          },
          "dependencies": []
        }
      ]
    },
    {
      "mode": "managed",
      "type": "aws_cognito_user_pool",
      "name": "main",
      "provider": "provider[\"registry.terraform.io/hashicorp/aws\"]",
      "instances": [
        {
          "schema_version": 0,
          "attributes": {
            "id": "us-east-1_AbCdEfGhI",
            "arn": "arn:aws:cognito-idp:us-east-1:123456789012:userpool/us-east-1_AbCdEfGhI",
            "name": "serverless-api-users",
            "domain": "serverless-api",
            "endpoint": "cognito-idp.us-east-1.amazonaws.com/us-east-1_AbCdEfGhI",
            "mfa_configuration": "OPTIONAL",
            "password_policy": [
              {
                "minimum_length": 12,
                "require_lowercase": true,
                "require_numbers": true,
                "require_symbols": true,
                "require_uppercase": true,
                "temporary_password_validity_days": 7
              }
            ],
            "auto_verified_attributes": ["email"],
            "username_attributes": ["email"],
            "email_configuration": [
              {
                "email_sending_account": "DEVELOPER",
                "from_email_address": "no-reply@example.com",
                "source_arn": "arn:aws:ses:us-east-1:123456789012:identity/no-reply@example.com"
              }
            ],
            "account_recovery_setting": [
              {
                "recovery_mechanism": [
                  {
                    "name": "verified_email",
                    "priority": 1
                  }
                ]
              }
            ],
            "deletion_protection": "ACTIVE",
            "tags": {
              "Name": "serverless-api-users",
              "Environment": "production",
              "ManagedBy": "terraform"
            }
          },
          "dependencies": []
        }
      ]
    },
    {
      "mode": "managed",
      "type": "aws_secretsmanager_secret",
      "name": "api_keys",
      "provider": "provider[\"registry.terraform.io/hashicorp/aws\"]",
      "instances": [
        {
          "schema_version": 0,
          "attributes": {
            "id": "arn:aws:secretsmanager:us-east-1:123456789012:secret:serverless-api/api-keys-AbCdEf",
            "arn": "arn:aws:secretsmanager:us-east-1:123456789012:secret:serverless-api/api-keys-AbCdEf",
            "name": "serverless-api/api-keys",
            "description": "API keys for serverless API",
            "kms_key_id": null,
            "recovery_window_in_days": 30,
            "rotation_enabled": false,
            "tags": {
              "Name": "serverless-api-keys",
              "Environment": "production",
              "ManagedBy": "terraform"
            }
          },
          "dependencies": []
        }
      ]
    }
  ]
}
